
Microsoft Visual Studio Solution File, Format Version 12.00
# Visual Studio Version 16
VisualStudioVersion = 16.0.30621.155
MinimumVisualStudioVersion = 10.0.40219.1
Project("{FAE04EC0-301F-11D3-BF4B-00C04F79EFBC}") = "WorkDateRus", "WorkDateRus.csproj", "{56F43D71-7E49-4E8C-90C0-1FFF258C7B43}"
EndProject
Global
	GlobalSection(SolutionConfigurationPlatforms) = preSolution
		Debug|Any CPU = Debug|Any CPU
		Release|Any CPU = Release|Any CPU
	EndGlobalSection
	GlobalSection(ProjectConfigurationPlatforms) = postSolution
		{56F43D71-7E49-4E8C-90C0-1FFF258C7B43}.Debug|Any CPU.ActiveCfg = Debug|Any CPU
		{56F43D71-7E49-4E8C-90C0-1FFF258C7B43}.Debug|Any CPU.Build.0 = Debug|Any CPU
		{56F43D71-7E49-4E8C-90C0-1FFF258C7B43}.Release|Any CPU.ActiveCfg = Release|Any CPU
		{56F43D71-7E49-4E8C-90C0-1FFF258C7B43}.Release|Any CPU.Build.0 = Release|Any CPU
	EndGlobalSection
	GlobalSection(SolutionProperties) = preSolution
		HideSolutionNode = FALSE
	EndGlobalSection
	GlobalSection(ExtensibilityGlobals) = postSolution
		SolutionGuid = {D2BA21B6-580B-4D20-9270-24225E3A235D}
	EndGlobalSection
EndGlobal
